<!--
  WARNING TO AI AGENTS:
  DO NOT manually create or edit this file!
  This solution file MUST be created and maintained using the .NET CLI.
  
  To create a new solution:
    dotnet new sln (with name flag as needed)
  
  To add projects:
    dotnet sln add path/to/project.csproj
  
  To remove projects:
    dotnet sln remove path/to/project.csproj
  
  Manual editing can break the solution structure and cause build failures.
-->
<Solution>
  <Project Path="TestProject/TestProject.csproj" />
</Solution>
